
Microsoft Visual Studio Solution File, Format Version 12.00
# Visual Studio Version 17
VisualStudioVersion = 17.10.35122.118
MinimumVisualStudioVersion = 10.0.40219.1
Project("{FAE04EC0-301F-11D3-BF4B-00C04F79EFBC}") = "NotificationService", "NotificationService\NotificationService.csproj", "{45A4F90F-CA27-4408-8008-96E0BCDFFCE5}"
EndProject
Global
	GlobalSection(SolutionConfigurationPlatforms) = preSolution
		Debug|Any CPU = Debug|Any CPU
		Release|Any CPU = Release|Any CPU
	EndGlobalSection
	GlobalSection(ProjectConfigurationPlatforms) = postSolution
		{45A4F90F-CA27-4408-8008-96E0BCDFFCE5}.Debug|Any CPU.ActiveCfg = Debug|Any CPU
		{45A4F90F-CA27-4408-8008-96E0BCDFFCE5}.Debug|Any CPU.Build.0 = Debug|Any CPU
		{45A4F90F-CA27-4408-8008-96E0BCDFFCE5}.Release|Any CPU.ActiveCfg = Release|Any CPU
		{45A4F90F-CA27-4408-8008-96E0BCDFFCE5}.Release|Any CPU.Build.0 = Release|Any CPU
	EndGlobalSection
	GlobalSection(SolutionProperties) = preSolution
		HideSolutionNode = FALSE
	EndGlobalSection
	GlobalSection(ExtensibilityGlobals) = postSolution
		SolutionGuid = {FFF16D39-ACE8-4D7C-BCF7-B0D2E010F6B3}
	EndGlobalSection
EndGlobal
